// !$*UTF8*$!
{
	archiveVersion = 1;
	classes = {
	};
	objectVersion = 51;
	objects = {

/* Begin PBXBuildFile section */
		127D2FAE23F26B2900DA9572 /* AppDelegate.swift in Sources */ = {isa = PBXBuildFile; fileRef = 127D2FAD23F26B2900DA9572 /* AppDelegate.swift */; };
		127D2FB023F26B2900DA9572 /* SceneDelegate.swift in Sources */ = {isa = PBXBuildFile; fileRef = 127D2FAF23F26B2900DA9572 /* SceneDelegate.swift */; };
		127D2FB223F26B2900DA9572 /* ViewController.swift in Sources */ = {isa = PBXBuildFile; fileRef = 127D2FB123F26B2900DA9572 /* ViewController.swift */; };
		127D2FB523F26B2900DA9572 /* Main.storyboard in Resources */ = {isa = PBXBuildFile; fileRef = 127D2FB323F26B2900DA9572 /* Main.storyboard */; };
		127D2FB723F26B2C00DA9572 /* Assets.xcassets in Resources */ = {isa = PBXBuildFile; fileRef = 127D2FB623F26B2C00DA9572 /* Assets.xcassets */; };
		127D2FBA23F26B2C00DA9572 /* LaunchScreen.storyboard in Resources */ = {isa = PBXBuildFile; fileRef = 127D2FB823F26B2C00DA9572 /* LaunchScreen.storyboard */; };
		127D2FC223F26E1800DA9572 /* WebViewController.swift in Sources */ = {isa = PBXBuildFile; fileRef = 127D2FC123F26E1800DA9572 /* WebViewController.swift */; };
		70346E2AF615CA7A7E4FC94F /* Pods_flickrOauth.framework in Frameworks */ = {isa = PBXBuildFile; fileRef = 73658F7F6D1529F736EEB4F9 /* Pods_flickrOauth.framework */; };
/* End PBXBuildFile section */

/* Begin PBXFileReference section */
		127D2FAA23F26B2900DA9572 /* flickrOauth.app */ = {isa = PBXFileReference; explicitFileType = wrapper.application; includeInIndex = 0; path = flickrOauth.app; sourceTree = BUILT_PRODUCTS_DIR; };
		127D2FAD23F26B2900DA9572 /* AppDelegate.swift */ = {isa = PBXFileReference; lastKnownFileType = sourcecode.swift; path = AppDelegate.swift; sourceTree = "<group>"; };
		127D2FAF23F26B2900DA9572 /* SceneDelegate.swift */ = {isa = PBXFileReference; lastKnownFileType = sourcecode.swift; path = SceneDelegate.swift; sourceTree = "<group>"; };
		127D2FB123F26B2900DA9572 /* ViewController.swift */ = {isa = PBXFileReference; lastKnownFileType = sourcecode.swift; path = ViewController.swift; sourceTree = "<group>"; };
		127D2FB423F26B2900DA9572 /* Base */ = {isa = PBXFileReference; lastKnownFileType = file.storyboard; name = Base; path = Base.lproj/Main.storyboard; sourceTree = "<group>"; };
		127D2FB623F26B2C00DA9572 /* Assets.xcassets */ = {isa = PBXFileReference; lastKnownFileType = folder.assetcatalog; path = Assets.xcassets; sourceTree = "<group>"; };
		127D2FB923F26B2C00DA9572 /* Base */ = {isa = PBXFileReference; lastKnownFileType = file.storyboard; name = Base; path = Base.lproj/LaunchScreen.storyboard; sourceTree = "<group>"; };
		127D2FBB23F26B2C00DA9572 /* Info.plist */ = {isa = PBXFileReference; lastKnownFileType = text.plist.xml; path = Info.plist; sourceTree = "<group>"; };
		127D2FC123F26E1800DA9572 /* WebViewController.swift */ = {isa = PBXFileReference; lastKnownFileType = sourcecode.swift; path = WebViewController.swift; sourceTree = "<group>"; };
		73658F7F6D1529F736EEB4F9 /* Pods_flickrOauth.framework */ = {isa = PBXFileReference; explicitFileType = wrapper.framework; includeInIndex = 0; path = Pods_flickrOauth.framework; sourceTree = BUILT_PRODUCTS_DIR; };
		906D69294A010631A509D65D /* Pods-flickrOauth.debug.xcconfig */ = {isa = PBXFileReference; includeInIndex = 1; lastKnownFileType = text.xcconfig; name = "Pods-flickrOauth.debug.xcconfig"; path = "Target Support Files/Pods-flickrOauth/Pods-flickrOauth.debug.xcconfig"; sourceTree = "<group>"; };
		E26B9037FE80C17F88927019 /* Pods-flickrOauth.release.xcconfig */ = {isa = PBXFileReference; includeInIndex = 1; lastKnownFileType = text.xcconfig; name = "Pods-flickrOauth.release.xcconfig"; path = "Target Support Files/Pods-flickrOauth/Pods-flickrOauth.release.xcconfig"; sourceTree = "<group>"; };
/* End PBXFileReference section */

/* Begin PBXFrameworksBuildPhase section */
		127D2FA723F26B2900DA9572 /* Frameworks */ = {
			isa = PBXFrameworksBuildPhase;
			buildActionMask = 2147483647;
			files = (
				70346E2AF615CA7A7E4FC94F /* Pods_flickrOauth.framework in Frameworks */,
			);
			runOnlyForDeploymentPostprocessing = 0;
		};
/* End PBXFrameworksBuildPhase section */

/* Begin PBXGroup section */
		127D2FA123F26B2900DA9572 = {
			isa = PBXGroup;
			children = (
				127D2FAC23F26B2900DA9572 /* flickrOauth */,
				127D2FAB23F26B2900DA9572 /* Products */,
				1945B6878FE68983C4986307 /* Pods */,
				1BAE0990D0779BA169665567 /* Frameworks */,
			);
			sourceTree = "<group>";
		};
		127D2FAB23F26B2900DA9572 /* Products */ = {
			isa = PBXGroup;
			children = (
				127D2FAA23F26B2900DA9572 /* flickrOauth.app */,
			);
			name = Products;
			sourceTree = "<group>";
		};
		127D2FAC23F26B2900DA9572 /* flickrOauth */ = {
			isa = PBXGroup;
			children = (
				127D2FAD23F26B2900DA9572 /* AppDelegate.swift */,
				127D2FAF23F26B2900DA9572 /* SceneDelegate.swift */,
				127D2FB123F26B2900DA9572 /* ViewController.swift */,
				127D2FC123F26E1800DA9572 /* WebViewController.swift */,
				127D2FB323F26B2900DA9572 /* Main.storyboard */,
				127D2FB623F26B2C00DA9572 /* Assets.xcassets */,
				127D2FB823F26B2C00DA9572 /* LaunchScreen.storyboard */,
				127D2FBB23F26B2C00DA9572 /* Info.plist */,
			);
			path = flickrOauth;
			sourceTree = "<group>";
		};
		1945B6878FE68983C4986307 /* Pods */ = {
			isa = PBXGroup;
			children = (
				906D69294A010631A509D65D /* Pods-flickrOauth.debug.xcconfig */,
				E26B9037FE80C17F88927019 /* Pods-flickrOauth.release.xcconfig */,
			);
			path = Pods;
			sourceTree = "<group>";
		};
		1BAE0990D0779BA169665567 /* Frameworks */ = {
			isa = PBXGroup;
			children = (
				73658F7F6D1529F736EEB4F9 /* Pods_flickrOauth.framework */,
			);
			name = Frameworks;
			sourceTree = "<group>";
		};
/* End PBXGroup section */

/* Begin PBXNativeTarget section */
		127D2FA923F26B2900DA9572 /* flickrOauth */ = {
			isa = PBXNativeTarget;
			buildConfigurationList = 127D2FBE23F26B2C00DA9572 /* Build configuration list for PBXNativeTarget "flickrOauth" */;
			buildPhases = (
				1AC81E0F30787C25FDA13CD0 /* [CP] Check Pods Manifest.lock */,
				127D2FA623F26B2900DA9572 /* Sources */,
				127D2FA723F26B2900DA9572 /* Frameworks */,
				127D2FA823F26B2900DA9572 /* Resources */,
				AB06241DC9F574E5FE49659A /* [CP] Embed Pods Frameworks */,
			);
			buildRules = (
			);
			dependencies = (
			);
			name = flickrOauth;
			productName = flickrOauth;
			productReference = 127D2FAA23F26B2900DA9572 /* flickrOauth.app */;
			productType = "com.apple.product-type.application";
		};
/* End PBXNativeTarget section */

/* Begin PBXProject section */
		127D2FA223F26B2900DA9572 /* Project object */ = {
			isa = PBXProject;
			attributes = {
				LastSwiftUpdateCheck = 1130;
				LastUpgradeCheck = 1130;
				ORGANIZATIONNAME = s;
				TargetAttributes = {
					127D2FA923F26B2900DA9572 = {
						CreatedOnToolsVersion = 11.3.1;
					};
				};
			};
			buildConfigurationList = 127D2FA523F26B2900DA9572 /* Build configuration list for PBXProject "flickrOauth" */;
			compatibilityVersion = "Xcode 9.3";
			developmentRegion = en;
			hasScannedForEncodings = 0;
			knownRegions = (
				en,
				Base,
			);
			mainGroup = 127D2FA123F26B2900DA9572;
			productRefGroup = 127D2FAB23F26B2900DA9572 /* Products */;
			projectDirPath = "";
			projectRoot = "";
			targets = (
				127D2FA923F26B2900DA9572 /* flickrOauth */,
			);
		};
/* End PBXProject section */

/* Begin PBXResourcesBuildPhase section */
		127D2FA823F26B2900DA9572 /* Resources */ = {
			isa = PBXResourcesBuildPhase;
			buildActionMask = 2147483647;
			files = (
				127D2FBA23F26B2C00DA9572 /* LaunchScreen.storyboard in Resources */,
				127D2FB723F26B2C00DA9572 /* Assets.xcassets in Resources */,
				127D2FB523F26B2900DA9572 /* Main.storyboard in Resources */,
			);
			runOnlyForDeploymentPostprocessing = 0;
		};
/* End PBXResourcesBuildPhase section */

/* Begin PBXShellScriptBuildPhase section */
		1AC81E0F30787C25FDA13CD0 /* [CP] Check Pods Manifest.lock */ = {
			isa = PBXShellScriptBuildPhase;
			buildActionMask = 2147483647;
			files = (
			);
			inputFileListPaths = (
			);
			inputPaths = (
				"${PODS_PODFILE_DIR_PATH}/Podfile.lock",
				"${PODS_ROOT}/Manifest.lock",
			);
			name = "[CP] Check Pods Manifest.lock";
			outputFileListPaths = (
			);
			outputPaths = (
				"$(DERIVED_FILE_DIR)/Pods-flickrOauth-checkManifestLockResult.txt",
			);
			runOnlyForDeploymentPostprocessing = 0;
			shellPath = /bin/sh;
			shellScript = "diff \"${PODS_PODFILE_DIR_PATH}/Podfile.lock\" \"${PODS_ROOT}/Manifest.lock\" > /dev/null\nif [ $? != 0 ] ; then\n    # print error to STDERR\n    echo \"error: The sandbox is not in sync with the Podfile.lock. Run 'pod install' or update your CocoaPods installation.\" >&2\n    exit 1\nfi\n# This output is used by Xcode 'outputs' to avoid re-running this script phase.\necho \"SUCCESS\" > \"${SCRIPT_OUTPUT_FILE_0}\"\n";
			showEnvVarsInLog = 0;
		};
		AB06241DC9F574E5FE49659A /* [CP] Embed Pods Frameworks */ = {
			isa = PBXShellScriptBuildPhase;
			buildActionMask = 2147483647;
			files = (
			);
			inputFileListPaths = (
				"${PODS_ROOT}/Target Support Files/Pods-flickrOauth/Pods-flickrOauth-frameworks-${CONFIGURATION}-input-files.xcfilelist",
			);
			name = "[CP] Embed Pods Frameworks";
			outputFileListPaths = (
				"${PODS_ROOT}/Target Support Files/Pods-flickrOauth/Pods-flickrOauth-frameworks-${CONFIGURATION}-output-files.xcfilelist",
			);
			runOnlyForDeploymentPostprocessing = 0;
			shellPath = /bin/sh;
			shellScript = "\"${PODS_ROOT}/Target Support Files/Pods-flickrOauth/Pods-flickrOauth-frameworks.sh\"\n";
			showEnvVarsInLog = 0;
		};
/* End PBXShellScriptBuildPhase section */

/* Begin PBXSourcesBuildPhase section */
		127D2FA623F26B2900DA9572 /* Sources */ = {
			isa = PBXSourcesBuildPhase;
			buildActionMask = 2147483647;
			files = (
				127D2FB223F26B2900DA9572 /* ViewController.swift in Sources */,
				127D2FAE23F26B2900DA9572 /* AppDelegate.swift in Sources */,
				127D2FB023F26B2900DA9572 /* SceneDelegate.swift in Sources */,
				127D2FC223F26E1800DA9572 /* WebViewController.swift in Sources */,
			);
			runOnlyForDeploymentPostprocessing = 0;
		};
/* End PBXSourcesBuildPhase section */

/* Begin PBXVariantGroup section */
		127D2FB323F26B2900DA9572 /* Main.storyboard */ = {
			isa = PBXVariantGroup;
			children = (
				127D2FB423F26B2900DA9572 /* Base */,
			);
			name = Main.storyboard;
			sourceTree = "<group>";
		};
		127D2FB823F26B2C00DA9572 /* LaunchScreen.storyboard */ = {
			isa = PBXVariantGroup;
			children = (
				127D2FB923F26B2C00DA9572 /* Base */,
			);
			name = LaunchScreen.storyboard;
			sourceTree = "<group>";
		};
/* End PBXVariantGroup section */

/* Begin XCBuildConfiguration section */
		127D2FBC23F26B2C00DA9572 /* Debug */ = {
			isa = XCBuildConfiguration;
			buildSettings = {
				ALWAYS_SEARCH_USER_PATHS = NO;
				CLANG_ANALYZER_NONNULL = YES;
				CLANG_ANALYZER_NUMBER_OBJECT_CONVERSION = YES_AGGRESSIVE;
				CLANG_CXX_LANGUAGE_STANDARD = "gnu++14";
				CLANG_CXX_LIBRARY = "libc++";
				CLANG_ENABLE_MODULES = YES;
				CLANG_ENABLE_OBJC_ARC = YES;
				CLANG_ENABLE_OBJC_WEAK = YES;
				CLANG_WARN_BLOCK_CAPTURE_AUTORELEASING = YES;
				CLANG_WARN_BOOL_CONVERSION = YES;
				CLANG_WARN_COMMA = YES;
				CLANG_WARN_CONSTANT_CONVERSION = YES;
				CLANG_WARN_DEPRECATED_OBJC_IMPLEMENTATIONS = YES;
				CLANG_WARN_DIRECT_OBJC_ISA_USAGE = YES_ERROR;
				CLANG_WARN_DOCUMENTATION_COMMENTS = YES;
				CLANG_WARN_EMPTY_BODY = YES;
				CLANG_WARN_ENUM_CONVERSION = YES;
				CLANG_WARN_INFINITE_RECURSION = YES;
				CLANG_WARN_INT_CONVERSION = YES;
				CLANG_WARN_NON_LITERAL_NULL_CONVERSION = YES;
				CLANG_WARN_OBJC_IMPLICIT_RETAIN_SELF = YES;
				CLANG_WARN_OBJC_LITERAL_CONVERSION = YES;
				CLANG_WARN_OBJC_ROOT_CLASS = YES_ERROR;
				CLANG_WARN_RANGE_LOOP_ANALYSIS = YES;
				CLANG_WARN_STRICT_PROTOTYPES = YES;
				CLANG_WARN_SUSPICIOUS_MOVE = YES;
				CLANG_WARN_UNGUARDED_AVAILABILITY = YES_AGGRESSIVE;
				CLANG_WARN_UNREACHABLE_CODE = YES;
				CLANG_WARN__DUPLICATE_METHOD_MATCH = YES;
				COPY_PHASE_STRIP = NO;
				DEBUG_INFORMATION_FORMAT = dwarf;
				ENABLE_STRICT_OBJC_MSGSEND = YES;
				ENABLE_TESTABILITY = YES;
				GCC_C_LANGUAGE_STANDARD = gnu11;
				GCC_DYNAMIC_NO_PIC = NO;
				GCC_NO_COMMON_BLOCKS = YES;
				GCC_OPTIMIZATION_LEVEL = 0;
				GCC_PREPROCESSOR_DEFINITIONS = (
					"DEBUG=1",
					"$(inherited)",
				);
				GCC_WARN_64_TO_32_BIT_CONVERSION = YES;
				GCC_WARN_ABOUT_RETURN_TYPE = YES_ERROR;
				GCC_WARN_UNDECLARED_SELECTOR = YES;
				GCC_WARN_UNINITIALIZED_AUTOS = YES_AGGRESSIVE;
				GCC_WARN_UNUSED_FUNCTION = YES;
				GCC_WARN_UNUSED_VARIABLE = YES;
				IPHONEOS_DEPLOYMENT_TARGET = 13.2;
				MTL_ENABLE_DEBUG_INFO = INCLUDE_SOURCE;
				MTL_FAST_MATH = YES;
				ONLY_ACTIVE_ARCH = YES;
				SDKROOT = iphoneos;
				SWIFT_ACTIVE_COMPILATION_CONDITIONS = DEBUG;
				SWIFT_OPTIMIZATION_LEVEL = "-Onone";
			};
			name = Debug;
		};
		127D2FBD23F26B2C00DA9572 /* Release */ = {
			isa = XCBuildConfiguration;
			buildSettings = {
				ALWAYS_SEARCH_USER_PATHS = NO;
				CLANG_ANALYZER_NONNULL = YES;
				CLANG_ANALYZER_NUMBER_OBJECT_CONVERSION = YES_AGGRESSIVE;
				CLANG_CXX_LANGUAGE_STANDARD = "gnu++14";
				CLANG_CXX_LIBRARY = "libc++";
				CLANG_ENABLE_MODULES = YES;
				CLANG_ENABLE_OBJC_ARC = YES;
				CLANG_ENABLE_OBJC_WEAK = YES;
				CLANG_WARN_BLOCK_CAPTURE_AUTORELEASING = YES;
				CLANG_WARN_BOOL_CONVERSION = YES;
				CLANG_WARN_COMMA = YES;
				CLANG_WARN_CONSTANT_CONVERSION = YES;
				CLANG_WARN_DEPRECATED_OBJC_IMPLEMENTATIONS = YES;
				CLANG_WARN_DIRECT_OBJC_ISA_USAGE = YES_ERROR;
				CLANG_WARN_DOCUMENTATION_COMMENTS = YES;
				CLANG_WARN_EMPTY_BODY = YES;
				CLANG_WARN_ENUM_CONVERSION = YES;
				CLANG_WARN_INFINITE_RECURSION = YES;
				CLANG_WARN_INT_CONVERSION = YES;
				CLANG_WARN_NON_LITERAL_NULL_CONVERSION = YES;
				CLANG_WARN_OBJC_IMPLICIT_RETAIN_SELF = YES;
				CLANG_WARN_OBJC_LITERAL_CONVERSION = YES;
				CLANG_WARN_OBJC_ROOT_CLASS = YES_ERROR;
				CLANG_WARN_RANGE_LOOP_ANALYSIS = YES;
				CLANG_WARN_STRICT_PROTOTYPES = YES;
				CLANG_WARN_SUSPICIOUS_MOVE = YES;
				CLANG_WARN_UNGUARDED_AVAILABILITY = YES_AGGRESSIVE;
				CLANG_WARN_UNREACHABLE_CODE = YES;
				CLANG_WARN__DUPLICATE_METHOD_MATCH = YES;
				COPY_PHASE_STRIP = NO;
				DEBUG_INFORMATION_FORMAT = "dwarf-with-dsym";
				ENABLE_NS_ASSERTIONS = NO;
				ENABLE_STRICT_OBJC_MSGSEND = YES;
				GCC_C_LANGUAGE_STANDARD = gnu11;
				GCC_NO_COMMON_BLOCKS = YES;
				GCC_WARN_64_TO_32_BIT_CONVERSION = YES;
				GCC_WARN_ABOUT_RETURN_TYPE = YES_ERROR;
				GCC_WARN_UNDECLARED_SELECTOR = YES;
				GCC_WARN_UNINITIALIZED_AUTOS = YES_AGGRESSIVE;
				GCC_WARN_UNUSED_FUNCTION = YES;
				GCC_WARN_UNUSED_VARIABLE = YES;
				IPHONEOS_DEPLOYMENT_TARGET = 13.2;
				MTL_ENABLE_DEBUG_INFO = NO;
				MTL_FAST_MATH = YES;
				SDKROOT = iphoneos;
				SWIFT_COMPILATION_MODE = wholemodule;
				SWIFT_OPTIMIZATION_LEVEL = "-O";
				VALIDATE_PRODUCT = YES;
			};
			name = Release;
		};
		127D2FBF23F26B2C00DA9572 /* Debug */ = {
			isa = XCBuildConfiguration;
			baseConfigurationReference = 906D69294A010631A509D65D /* Pods-flickrOauth.debug.xcconfig */;
			buildSettings = {
				ASSETCATALOG_COMPILER_APPICON_NAME = AppIcon;
				CODE_SIGN_STYLE = Automatic;
				DEVELOPMENT_TEAM = 97AS6JS382;
				INFOPLIST_FILE = flickrOauth/Info.plist;
				LD_RUNPATH_SEARCH_PATHS = (
					"$(inherited)",
					"@executable_path/Frameworks",
				);
				PRODUCT_BUNDLE_IDENTIFIER = com.hectorstevenvillasano.andIQuote.flickrOauth;
				PRODUCT_NAME = "$(TARGET_NAME)";
				SWIFT_VERSION = 5.0;
				TARGETED_DEVICE_FAMILY = 1;
			};
			name = Debug;
		};
		127D2FC023F26B2C00DA9572 /* Release */ = {
			isa = XCBuildConfiguration;
			baseConfigurationReference = E26B9037FE80C17F88927019 /* Pods-flickrOauth.release.xcconfig */;
			buildSettings = {
				ASSETCATALOG_COMPILER_APPICON_NAME = AppIcon;
				CODE_SIGN_STYLE = Automatic;
				DEVELOPMENT_TEAM = 97AS6JS382;
				INFOPLIST_FILE = flickrOauth/Info.plist;
				LD_RUNPATH_SEARCH_PATHS = (
					"$(inherited)",
					"@executable_path/Frameworks",
				);
				PRODUCT_BUNDLE_IDENTIFIER = com.hectorstevenvillasano.andIQuote.flickrOauth;
				PRODUCT_NAME = "$(TARGET_NAME)";
				SWIFT_VERSION = 5.0;
				TARGETED_DEVICE_FAMILY = 1;
			};
			name = Release;
		};
/* End XCBuildConfiguration section */

/* Begin XCConfigurationList section */
		127D2FA523F26B2900DA9572 /* Build configuration list for PBXProject "flickrOauth" */ = {
			isa = XCConfigurationList;
			buildConfigurations = (
				127D2FBC23F26B2C00DA9572 /* Debug */,
				127D2FBD23F26B2C00DA9572 /* Release */,
			);
			defaultConfigurationIsVisible = 0;
			defaultConfigurationName = Release;
		};
		127D2FBE23F26B2C00DA9572 /* Build configuration list for PBXNativeTarget "flickrOauth" */ = {
			isa = XCConfigurationList;
			buildConfigurations = (
				127D2FBF23F26B2C00DA9572 /* Debug */,
				127D2FC023F26B2C00DA9572 /* Release */,
			);
			defaultConfigurationIsVisible = 0;
			defaultConfigurationName = Release;
		};
/* End XCConfigurationList section */
	};
	rootObject = 127D2FA223F26B2900DA9572 /* Project object */;
}
