// !$*UTF8*$!
{
	archiveVersion = 1;
	classes = {
	};
	objectVersion = 50;
	objects = {

/* Begin PBXBuildFile section */
		12A2B65523FC8D2A0086F585 /* AppDelegate.swift in Sources */ = {isa = PBXBuildFile; fileRef = 12A2B65423FC8D2A0086F585 /* AppDelegate.swift */; };
		12A2B65723FC8D2A0086F585 /* SceneDelegate.swift in Sources */ = {isa = PBXBuildFile; fileRef = 12A2B65623FC8D2A0086F585 /* SceneDelegate.swift */; };
		12A2B65923FC8D2A0086F585 /* ViewController.swift in Sources */ = {isa = PBXBuildFile; fileRef = 12A2B65823FC8D2A0086F585 /* ViewController.swift */; };
		12A2B65C23FC8D2A0086F585 /* Main.storyboard in Resources */ = {isa = PBXBuildFile; fileRef = 12A2B65A23FC8D2A0086F585 /* Main.storyboard */; };
		12A2B65E23FC8D2E0086F585 /* Assets.xcassets in Resources */ = {isa = PBXBuildFile; fileRef = 12A2B65D23FC8D2E0086F585 /* Assets.xcassets */; };
		12A2B66123FC8D2E0086F585 /* LaunchScreen.storyboard in Resources */ = {isa = PBXBuildFile; fileRef = 12A2B65F23FC8D2E0086F585 /* LaunchScreen.storyboard */; };
		12A2B66A23FCD20E0086F585 /* DropDownMenuViewController.swift in Sources */ = {isa = PBXBuildFile; fileRef = 12A2B66923FCD20E0086F585 /* DropDownMenuViewController.swift */; };
		12A2B66C23FD13FE0086F585 /* DropDownMenuTableView.swift in Sources */ = {isa = PBXBuildFile; fileRef = 12A2B66B23FD13FE0086F585 /* DropDownMenuTableView.swift */; };
		12A2B66E23FD145F0086F585 /* DropDownButton.swift in Sources */ = {isa = PBXBuildFile; fileRef = 12A2B66D23FD145F0086F585 /* DropDownButton.swift */; };
		12A2B67223FD9C300086F585 /* ExpandingTableViewController.swift in Sources */ = {isa = PBXBuildFile; fileRef = 12A2B67123FD9C300086F585 /* ExpandingTableViewController.swift */; };
/* End PBXBuildFile section */

/* Begin PBXFileReference section */
		12A2B65123FC8D2A0086F585 /* InsetItemGrid.app */ = {isa = PBXFileReference; explicitFileType = wrapper.application; includeInIndex = 0; path = InsetItemGrid.app; sourceTree = BUILT_PRODUCTS_DIR; };
		12A2B65423FC8D2A0086F585 /* AppDelegate.swift */ = {isa = PBXFileReference; lastKnownFileType = sourcecode.swift; path = AppDelegate.swift; sourceTree = "<group>"; };
		12A2B65623FC8D2A0086F585 /* SceneDelegate.swift */ = {isa = PBXFileReference; lastKnownFileType = sourcecode.swift; path = SceneDelegate.swift; sourceTree = "<group>"; };
		12A2B65823FC8D2A0086F585 /* ViewController.swift */ = {isa = PBXFileReference; lastKnownFileType = sourcecode.swift; path = ViewController.swift; sourceTree = "<group>"; };
		12A2B65B23FC8D2A0086F585 /* Base */ = {isa = PBXFileReference; lastKnownFileType = file.storyboard; name = Base; path = Base.lproj/Main.storyboard; sourceTree = "<group>"; };
		12A2B65D23FC8D2E0086F585 /* Assets.xcassets */ = {isa = PBXFileReference; lastKnownFileType = folder.assetcatalog; path = Assets.xcassets; sourceTree = "<group>"; };
		12A2B66023FC8D2E0086F585 /* Base */ = {isa = PBXFileReference; lastKnownFileType = file.storyboard; name = Base; path = Base.lproj/LaunchScreen.storyboard; sourceTree = "<group>"; };
		12A2B66223FC8D2E0086F585 /* Info.plist */ = {isa = PBXFileReference; lastKnownFileType = text.plist.xml; path = Info.plist; sourceTree = "<group>"; };
		12A2B66923FCD20E0086F585 /* DropDownMenuViewController.swift */ = {isa = PBXFileReference; lastKnownFileType = sourcecode.swift; path = DropDownMenuViewController.swift; sourceTree = "<group>"; };
		12A2B66B23FD13FE0086F585 /* DropDownMenuTableView.swift */ = {isa = PBXFileReference; lastKnownFileType = sourcecode.swift; path = DropDownMenuTableView.swift; sourceTree = "<group>"; };
		12A2B66D23FD145F0086F585 /* DropDownButton.swift */ = {isa = PBXFileReference; lastKnownFileType = sourcecode.swift; path = DropDownButton.swift; sourceTree = "<group>"; };
		12A2B67123FD9C300086F585 /* ExpandingTableViewController.swift */ = {isa = PBXFileReference; lastKnownFileType = sourcecode.swift; path = ExpandingTableViewController.swift; sourceTree = "<group>"; };
/* End PBXFileReference section */

/* Begin PBXFrameworksBuildPhase section */
		12A2B64E23FC8D2A0086F585 /* Frameworks */ = {
			isa = PBXFrameworksBuildPhase;
			buildActionMask = 2147483647;
			files = (
			);
			runOnlyForDeploymentPostprocessing = 0;
		};
/* End PBXFrameworksBuildPhase section */

/* Begin PBXGroup section */
		12A2B64823FC8D2A0086F585 = {
			isa = PBXGroup;
			children = (
				12A2B65323FC8D2A0086F585 /* InsetItemGrid */,
				12A2B65223FC8D2A0086F585 /* Products */,
			);
			sourceTree = "<group>";
		};
		12A2B65223FC8D2A0086F585 /* Products */ = {
			isa = PBXGroup;
			children = (
				12A2B65123FC8D2A0086F585 /* InsetItemGrid.app */,
			);
			name = Products;
			sourceTree = "<group>";
		};
		12A2B65323FC8D2A0086F585 /* InsetItemGrid */ = {
			isa = PBXGroup;
			children = (
				12A2B65423FC8D2A0086F585 /* AppDelegate.swift */,
				12A2B65623FC8D2A0086F585 /* SceneDelegate.swift */,
				12A2B66823FCD1EE0086F585 /* View Controllers */,
				12A2B65A23FC8D2A0086F585 /* Main.storyboard */,
				12A2B65D23FC8D2E0086F585 /* Assets.xcassets */,
				12A2B65F23FC8D2E0086F585 /* LaunchScreen.storyboard */,
				12A2B66223FC8D2E0086F585 /* Info.plist */,
			);
			path = InsetItemGrid;
			sourceTree = "<group>";
		};
		12A2B66823FCD1EE0086F585 /* View Controllers */ = {
			isa = PBXGroup;
			children = (
				12A2B67023FD9C040086F585 /* Inset Item Grid */,
				12A2B66F23FD9BBB0086F585 /* DropDown TableView with Button */,
				12A2B67123FD9C300086F585 /* ExpandingTableViewController.swift */,
			);
			path = "View Controllers";
			sourceTree = "<group>";
		};
		12A2B66F23FD9BBB0086F585 /* DropDown TableView with Button */ = {
			isa = PBXGroup;
			children = (
				12A2B66923FCD20E0086F585 /* DropDownMenuViewController.swift */,
				12A2B66B23FD13FE0086F585 /* DropDownMenuTableView.swift */,
				12A2B66D23FD145F0086F585 /* DropDownButton.swift */,
			);
			path = "DropDown TableView with Button";
			sourceTree = "<group>";
		};
		12A2B67023FD9C040086F585 /* Inset Item Grid */ = {
			isa = PBXGroup;
			children = (
				12A2B65823FC8D2A0086F585 /* ViewController.swift */,
			);
			path = "Inset Item Grid";
			sourceTree = "<group>";
		};
/* End PBXGroup section */

/* Begin PBXNativeTarget section */
		12A2B65023FC8D2A0086F585 /* InsetItemGrid */ = {
			isa = PBXNativeTarget;
			buildConfigurationList = 12A2B66523FC8D2E0086F585 /* Build configuration list for PBXNativeTarget "InsetItemGrid" */;
			buildPhases = (
				12A2B64D23FC8D2A0086F585 /* Sources */,
				12A2B64E23FC8D2A0086F585 /* Frameworks */,
				12A2B64F23FC8D2A0086F585 /* Resources */,
			);
			buildRules = (
			);
			dependencies = (
			);
			name = InsetItemGrid;
			productName = InsetItemGrid;
			productReference = 12A2B65123FC8D2A0086F585 /* InsetItemGrid.app */;
			productType = "com.apple.product-type.application";
		};
/* End PBXNativeTarget section */

/* Begin PBXProject section */
		12A2B64923FC8D2A0086F585 /* Project object */ = {
			isa = PBXProject;
			attributes = {
				LastSwiftUpdateCheck = 1130;
				LastUpgradeCheck = 1130;
				ORGANIZATIONNAME = s;
				TargetAttributes = {
					12A2B65023FC8D2A0086F585 = {
						CreatedOnToolsVersion = 11.3.1;
					};
				};
			};
			buildConfigurationList = 12A2B64C23FC8D2A0086F585 /* Build configuration list for PBXProject "InsetItemGrid" */;
			compatibilityVersion = "Xcode 9.3";
			developmentRegion = en;
			hasScannedForEncodings = 0;
			knownRegions = (
				en,
				Base,
			);
			mainGroup = 12A2B64823FC8D2A0086F585;
			productRefGroup = 12A2B65223FC8D2A0086F585 /* Products */;
			projectDirPath = "";
			projectRoot = "";
			targets = (
				12A2B65023FC8D2A0086F585 /* InsetItemGrid */,
			);
		};
/* End PBXProject section */

/* Begin PBXResourcesBuildPhase section */
		12A2B64F23FC8D2A0086F585 /* Resources */ = {
			isa = PBXResourcesBuildPhase;
			buildActionMask = 2147483647;
			files = (
				12A2B66123FC8D2E0086F585 /* LaunchScreen.storyboard in Resources */,
				12A2B65E23FC8D2E0086F585 /* Assets.xcassets in Resources */,
				12A2B65C23FC8D2A0086F585 /* Main.storyboard in Resources */,
			);
			runOnlyForDeploymentPostprocessing = 0;
		};
/* End PBXResourcesBuildPhase section */

/* Begin PBXSourcesBuildPhase section */
		12A2B64D23FC8D2A0086F585 /* Sources */ = {
			isa = PBXSourcesBuildPhase;
			buildActionMask = 2147483647;
			files = (
				12A2B66E23FD145F0086F585 /* DropDownButton.swift in Sources */,
				12A2B66A23FCD20E0086F585 /* DropDownMenuViewController.swift in Sources */,
				12A2B65923FC8D2A0086F585 /* ViewController.swift in Sources */,
				12A2B66C23FD13FE0086F585 /* DropDownMenuTableView.swift in Sources */,
				12A2B65523FC8D2A0086F585 /* AppDelegate.swift in Sources */,
				12A2B65723FC8D2A0086F585 /* SceneDelegate.swift in Sources */,
				12A2B67223FD9C300086F585 /* ExpandingTableViewController.swift in Sources */,
			);
			runOnlyForDeploymentPostprocessing = 0;
		};
/* End PBXSourcesBuildPhase section */

/* Begin PBXVariantGroup section */
		12A2B65A23FC8D2A0086F585 /* Main.storyboard */ = {
			isa = PBXVariantGroup;
			children = (
				12A2B65B23FC8D2A0086F585 /* Base */,
			);
			name = Main.storyboard;
			sourceTree = "<group>";
		};
		12A2B65F23FC8D2E0086F585 /* LaunchScreen.storyboard */ = {
			isa = PBXVariantGroup;
			children = (
				12A2B66023FC8D2E0086F585 /* Base */,
			);
			name = LaunchScreen.storyboard;
			sourceTree = "<group>";
		};
/* End PBXVariantGroup section */

/* Begin XCBuildConfiguration section */
		12A2B66323FC8D2E0086F585 /* Debug */ = {
			isa = XCBuildConfiguration;
			buildSettings = {
				ALWAYS_SEARCH_USER_PATHS = NO;
				CLANG_ANALYZER_NONNULL = YES;
				CLANG_ANALYZER_NUMBER_OBJECT_CONVERSION = YES_AGGRESSIVE;
				CLANG_CXX_LANGUAGE_STANDARD = "gnu++14";
				CLANG_CXX_LIBRARY = "libc++";
				CLANG_ENABLE_MODULES = YES;
				CLANG_ENABLE_OBJC_ARC = YES;
				CLANG_ENABLE_OBJC_WEAK = YES;
				CLANG_WARN_BLOCK_CAPTURE_AUTORELEASING = YES;
				CLANG_WARN_BOOL_CONVERSION = YES;
				CLANG_WARN_COMMA = YES;
				CLANG_WARN_CONSTANT_CONVERSION = YES;
				CLANG_WARN_DEPRECATED_OBJC_IMPLEMENTATIONS = YES;
				CLANG_WARN_DIRECT_OBJC_ISA_USAGE = YES_ERROR;
				CLANG_WARN_DOCUMENTATION_COMMENTS = YES;
				CLANG_WARN_EMPTY_BODY = YES;
				CLANG_WARN_ENUM_CONVERSION = YES;
				CLANG_WARN_INFINITE_RECURSION = YES;
				CLANG_WARN_INT_CONVERSION = YES;
				CLANG_WARN_NON_LITERAL_NULL_CONVERSION = YES;
				CLANG_WARN_OBJC_IMPLICIT_RETAIN_SELF = YES;
				CLANG_WARN_OBJC_LITERAL_CONVERSION = YES;
				CLANG_WARN_OBJC_ROOT_CLASS = YES_ERROR;
				CLANG_WARN_RANGE_LOOP_ANALYSIS = YES;
				CLANG_WARN_STRICT_PROTOTYPES = YES;
				CLANG_WARN_SUSPICIOUS_MOVE = YES;
				CLANG_WARN_UNGUARDED_AVAILABILITY = YES_AGGRESSIVE;
				CLANG_WARN_UNREACHABLE_CODE = YES;
				CLANG_WARN__DUPLICATE_METHOD_MATCH = YES;
				COPY_PHASE_STRIP = NO;
				DEBUG_INFORMATION_FORMAT = dwarf;
				ENABLE_STRICT_OBJC_MSGSEND = YES;
				ENABLE_TESTABILITY = YES;
				GCC_C_LANGUAGE_STANDARD = gnu11;
				GCC_DYNAMIC_NO_PIC = NO;
				GCC_NO_COMMON_BLOCKS = YES;
				GCC_OPTIMIZATION_LEVEL = 0;
				GCC_PREPROCESSOR_DEFINITIONS = (
					"DEBUG=1",
					"$(inherited)",
				);
				GCC_WARN_64_TO_32_BIT_CONVERSION = YES;
				GCC_WARN_ABOUT_RETURN_TYPE = YES_ERROR;
				GCC_WARN_UNDECLARED_SELECTOR = YES;
				GCC_WARN_UNINITIALIZED_AUTOS = YES_AGGRESSIVE;
				GCC_WARN_UNUSED_FUNCTION = YES;
				GCC_WARN_UNUSED_VARIABLE = YES;
				IPHONEOS_DEPLOYMENT_TARGET = 13.2;
				MTL_ENABLE_DEBUG_INFO = INCLUDE_SOURCE;
				MTL_FAST_MATH = YES;
				ONLY_ACTIVE_ARCH = YES;
				SDKROOT = iphoneos;
				SWIFT_ACTIVE_COMPILATION_CONDITIONS = DEBUG;
				SWIFT_OPTIMIZATION_LEVEL = "-Onone";
			};
			name = Debug;
		};
		12A2B66423FC8D2E0086F585 /* Release */ = {
			isa = XCBuildConfiguration;
			buildSettings = {
				ALWAYS_SEARCH_USER_PATHS = NO;
				CLANG_ANALYZER_NONNULL = YES;
				CLANG_ANALYZER_NUMBER_OBJECT_CONVERSION = YES_AGGRESSIVE;
				CLANG_CXX_LANGUAGE_STANDARD = "gnu++14";
				CLANG_CXX_LIBRARY = "libc++";
				CLANG_ENABLE_MODULES = YES;
				CLANG_ENABLE_OBJC_ARC = YES;
				CLANG_ENABLE_OBJC_WEAK = YES;
				CLANG_WARN_BLOCK_CAPTURE_AUTORELEASING = YES;
				CLANG_WARN_BOOL_CONVERSION = YES;
				CLANG_WARN_COMMA = YES;
				CLANG_WARN_CONSTANT_CONVERSION = YES;
				CLANG_WARN_DEPRECATED_OBJC_IMPLEMENTATIONS = YES;
				CLANG_WARN_DIRECT_OBJC_ISA_USAGE = YES_ERROR;
				CLANG_WARN_DOCUMENTATION_COMMENTS = YES;
				CLANG_WARN_EMPTY_BODY = YES;
				CLANG_WARN_ENUM_CONVERSION = YES;
				CLANG_WARN_INFINITE_RECURSION = YES;
				CLANG_WARN_INT_CONVERSION = YES;
				CLANG_WARN_NON_LITERAL_NULL_CONVERSION = YES;
				CLANG_WARN_OBJC_IMPLICIT_RETAIN_SELF = YES;
				CLANG_WARN_OBJC_LITERAL_CONVERSION = YES;
				CLANG_WARN_OBJC_ROOT_CLASS = YES_ERROR;
				CLANG_WARN_RANGE_LOOP_ANALYSIS = YES;
				CLANG_WARN_STRICT_PROTOTYPES = YES;
				CLANG_WARN_SUSPICIOUS_MOVE = YES;
				CLANG_WARN_UNGUARDED_AVAILABILITY = YES_AGGRESSIVE;
				CLANG_WARN_UNREACHABLE_CODE = YES;
				CLANG_WARN__DUPLICATE_METHOD_MATCH = YES;
				COPY_PHASE_STRIP = NO;
				DEBUG_INFORMATION_FORMAT = "dwarf-with-dsym";
				ENABLE_NS_ASSERTIONS = NO;
				ENABLE_STRICT_OBJC_MSGSEND = YES;
				GCC_C_LANGUAGE_STANDARD = gnu11;
				GCC_NO_COMMON_BLOCKS = YES;
				GCC_WARN_64_TO_32_BIT_CONVERSION = YES;
				GCC_WARN_ABOUT_RETURN_TYPE = YES_ERROR;
				GCC_WARN_UNDECLARED_SELECTOR = YES;
				GCC_WARN_UNINITIALIZED_AUTOS = YES_AGGRESSIVE;
				GCC_WARN_UNUSED_FUNCTION = YES;
				GCC_WARN_UNUSED_VARIABLE = YES;
				IPHONEOS_DEPLOYMENT_TARGET = 13.2;
				MTL_ENABLE_DEBUG_INFO = NO;
				MTL_FAST_MATH = YES;
				SDKROOT = iphoneos;
				SWIFT_COMPILATION_MODE = wholemodule;
				SWIFT_OPTIMIZATION_LEVEL = "-O";
				VALIDATE_PRODUCT = YES;
			};
			name = Release;
		};
		12A2B66623FC8D2E0086F585 /* Debug */ = {
			isa = XCBuildConfiguration;
			buildSettings = {
				ASSETCATALOG_COMPILER_APPICON_NAME = AppIcon;
				CODE_SIGN_STYLE = Automatic;
				DEVELOPMENT_TEAM = 97AS6JS382;
				INFOPLIST_FILE = InsetItemGrid/Info.plist;
				LD_RUNPATH_SEARCH_PATHS = (
					"$(inherited)",
					"@executable_path/Frameworks",
				);
				PRODUCT_BUNDLE_IDENTIFIER = com.hectorstevenvillasano.andIQuote.InsetItemGrid;
				PRODUCT_NAME = "$(TARGET_NAME)";
				SWIFT_VERSION = 5.0;
				TARGETED_DEVICE_FAMILY = 1;
			};
			name = Debug;
		};
		12A2B66723FC8D2E0086F585 /* Release */ = {
			isa = XCBuildConfiguration;
			buildSettings = {
				ASSETCATALOG_COMPILER_APPICON_NAME = AppIcon;
				CODE_SIGN_STYLE = Automatic;
				DEVELOPMENT_TEAM = 97AS6JS382;
				INFOPLIST_FILE = InsetItemGrid/Info.plist;
				LD_RUNPATH_SEARCH_PATHS = (
					"$(inherited)",
					"@executable_path/Frameworks",
				);
				PRODUCT_BUNDLE_IDENTIFIER = com.hectorstevenvillasano.andIQuote.InsetItemGrid;
				PRODUCT_NAME = "$(TARGET_NAME)";
				SWIFT_VERSION = 5.0;
				TARGETED_DEVICE_FAMILY = 1;
			};
			name = Release;
		};
/* End XCBuildConfiguration section */

/* Begin XCConfigurationList section */
		12A2B64C23FC8D2A0086F585 /* Build configuration list for PBXProject "InsetItemGrid" */ = {
			isa = XCConfigurationList;
			buildConfigurations = (
				12A2B66323FC8D2E0086F585 /* Debug */,
				12A2B66423FC8D2E0086F585 /* Release */,
			);
			defaultConfigurationIsVisible = 0;
			defaultConfigurationName = Release;
		};
		12A2B66523FC8D2E0086F585 /* Build configuration list for PBXNativeTarget "InsetItemGrid" */ = {
			isa = XCConfigurationList;
			buildConfigurations = (
				12A2B66623FC8D2E0086F585 /* Debug */,
				12A2B66723FC8D2E0086F585 /* Release */,
			);
			defaultConfigurationIsVisible = 0;
			defaultConfigurationName = Release;
		};
/* End XCConfigurationList section */
	};
	rootObject = 12A2B64923FC8D2A0086F585 /* Project object */;
}
