// !$*UTF8*$!
{
	archiveVersion = 1;
	classes = {
	};
	objectVersion = 50;
	objects = {

/* Begin PBXBuildFile section */
		12D7D044242C165400D2BE9E /* AppDelegate.swift in Sources */ = {isa = PBXBuildFile; fileRef = 12D7D043242C165400D2BE9E /* AppDelegate.swift */; };
		12D7D046242C165400D2BE9E /* SceneDelegate.swift in Sources */ = {isa = PBXBuildFile; fileRef = 12D7D045242C165400D2BE9E /* SceneDelegate.swift */; };
		12D7D04B242C165400D2BE9E /* Main.storyboard in Resources */ = {isa = PBXBuildFile; fileRef = 12D7D049242C165400D2BE9E /* Main.storyboard */; };
		12D7D04D242C165800D2BE9E /* Assets.xcassets in Resources */ = {isa = PBXBuildFile; fileRef = 12D7D04C242C165800D2BE9E /* Assets.xcassets */; };
		12D7D050242C165800D2BE9E /* LaunchScreen.storyboard in Resources */ = {isa = PBXBuildFile; fileRef = 12D7D04E242C165800D2BE9E /* LaunchScreen.storyboard */; };
		12D7D059242C167000D2BE9E /* StoreKit.framework in Frameworks */ = {isa = PBXBuildFile; fileRef = 12D7D058242C167000D2BE9E /* StoreKit.framework */; };
		12D7D05B242C1E1D00D2BE9E /* ColorsCollectionViewController.swift in Sources */ = {isa = PBXBuildFile; fileRef = 12D7D05A242C1E1D00D2BE9E /* ColorsCollectionViewController.swift */; };
/* End PBXBuildFile section */

/* Begin PBXFileReference section */
		12D7D040242C165400D2BE9E /* InAppPurchaseColors.app */ = {isa = PBXFileReference; explicitFileType = wrapper.application; includeInIndex = 0; path = InAppPurchaseColors.app; sourceTree = BUILT_PRODUCTS_DIR; };
		12D7D043242C165400D2BE9E /* AppDelegate.swift */ = {isa = PBXFileReference; lastKnownFileType = sourcecode.swift; path = AppDelegate.swift; sourceTree = "<group>"; };
		12D7D045242C165400D2BE9E /* SceneDelegate.swift */ = {isa = PBXFileReference; lastKnownFileType = sourcecode.swift; path = SceneDelegate.swift; sourceTree = "<group>"; };
		12D7D04A242C165400D2BE9E /* Base */ = {isa = PBXFileReference; lastKnownFileType = file.storyboard; name = Base; path = Base.lproj/Main.storyboard; sourceTree = "<group>"; };
		12D7D04C242C165800D2BE9E /* Assets.xcassets */ = {isa = PBXFileReference; lastKnownFileType = folder.assetcatalog; path = Assets.xcassets; sourceTree = "<group>"; };
		12D7D04F242C165800D2BE9E /* Base */ = {isa = PBXFileReference; lastKnownFileType = file.storyboard; name = Base; path = Base.lproj/LaunchScreen.storyboard; sourceTree = "<group>"; };
		12D7D051242C165800D2BE9E /* Info.plist */ = {isa = PBXFileReference; lastKnownFileType = text.plist.xml; path = Info.plist; sourceTree = "<group>"; };
		12D7D058242C167000D2BE9E /* StoreKit.framework */ = {isa = PBXFileReference; lastKnownFileType = wrapper.framework; name = StoreKit.framework; path = System/Library/Frameworks/StoreKit.framework; sourceTree = SDKROOT; };
		12D7D05A242C1E1D00D2BE9E /* ColorsCollectionViewController.swift */ = {isa = PBXFileReference; lastKnownFileType = sourcecode.swift; path = ColorsCollectionViewController.swift; sourceTree = "<group>"; };
/* End PBXFileReference section */

/* Begin PBXFrameworksBuildPhase section */
		12D7D03D242C165400D2BE9E /* Frameworks */ = {
			isa = PBXFrameworksBuildPhase;
			buildActionMask = 2147483647;
			files = (
				12D7D059242C167000D2BE9E /* StoreKit.framework in Frameworks */,
			);
			runOnlyForDeploymentPostprocessing = 0;
		};
/* End PBXFrameworksBuildPhase section */

/* Begin PBXGroup section */
		12D7D037242C165400D2BE9E = {
			isa = PBXGroup;
			children = (
				12D7D042242C165400D2BE9E /* InAppPurchaseColors */,
				12D7D041242C165400D2BE9E /* Products */,
				12D7D057242C167000D2BE9E /* Frameworks */,
			);
			sourceTree = "<group>";
		};
		12D7D041242C165400D2BE9E /* Products */ = {
			isa = PBXGroup;
			children = (
				12D7D040242C165400D2BE9E /* InAppPurchaseColors.app */,
			);
			name = Products;
			sourceTree = "<group>";
		};
		12D7D042242C165400D2BE9E /* InAppPurchaseColors */ = {
			isa = PBXGroup;
			children = (
				12D7D043242C165400D2BE9E /* AppDelegate.swift */,
				12D7D045242C165400D2BE9E /* SceneDelegate.swift */,
				12D7D05A242C1E1D00D2BE9E /* ColorsCollectionViewController.swift */,
				12D7D049242C165400D2BE9E /* Main.storyboard */,
				12D7D04C242C165800D2BE9E /* Assets.xcassets */,
				12D7D04E242C165800D2BE9E /* LaunchScreen.storyboard */,
				12D7D051242C165800D2BE9E /* Info.plist */,
			);
			path = InAppPurchaseColors;
			sourceTree = "<group>";
		};
		12D7D057242C167000D2BE9E /* Frameworks */ = {
			isa = PBXGroup;
			children = (
				12D7D058242C167000D2BE9E /* StoreKit.framework */,
			);
			name = Frameworks;
			sourceTree = "<group>";
		};
/* End PBXGroup section */

/* Begin PBXNativeTarget section */
		12D7D03F242C165400D2BE9E /* InAppPurchaseColors */ = {
			isa = PBXNativeTarget;
			buildConfigurationList = 12D7D054242C165800D2BE9E /* Build configuration list for PBXNativeTarget "InAppPurchaseColors" */;
			buildPhases = (
				12D7D03C242C165400D2BE9E /* Sources */,
				12D7D03D242C165400D2BE9E /* Frameworks */,
				12D7D03E242C165400D2BE9E /* Resources */,
			);
			buildRules = (
			);
			dependencies = (
			);
			name = InAppPurchaseColors;
			productName = InAppPurchaseColors;
			productReference = 12D7D040242C165400D2BE9E /* InAppPurchaseColors.app */;
			productType = "com.apple.product-type.application";
		};
/* End PBXNativeTarget section */

/* Begin PBXProject section */
		12D7D038242C165400D2BE9E /* Project object */ = {
			isa = PBXProject;
			attributes = {
				LastSwiftUpdateCheck = 1130;
				LastUpgradeCheck = 1130;
				ORGANIZATIONNAME = s;
				TargetAttributes = {
					12D7D03F242C165400D2BE9E = {
						CreatedOnToolsVersion = 11.3.1;
					};
				};
			};
			buildConfigurationList = 12D7D03B242C165400D2BE9E /* Build configuration list for PBXProject "InAppPurchaseColors" */;
			compatibilityVersion = "Xcode 9.3";
			developmentRegion = en;
			hasScannedForEncodings = 0;
			knownRegions = (
				en,
				Base,
			);
			mainGroup = 12D7D037242C165400D2BE9E;
			productRefGroup = 12D7D041242C165400D2BE9E /* Products */;
			projectDirPath = "";
			projectRoot = "";
			targets = (
				12D7D03F242C165400D2BE9E /* InAppPurchaseColors */,
			);
		};
/* End PBXProject section */

/* Begin PBXResourcesBuildPhase section */
		12D7D03E242C165400D2BE9E /* Resources */ = {
			isa = PBXResourcesBuildPhase;
			buildActionMask = 2147483647;
			files = (
				12D7D050242C165800D2BE9E /* LaunchScreen.storyboard in Resources */,
				12D7D04D242C165800D2BE9E /* Assets.xcassets in Resources */,
				12D7D04B242C165400D2BE9E /* Main.storyboard in Resources */,
			);
			runOnlyForDeploymentPostprocessing = 0;
		};
/* End PBXResourcesBuildPhase section */

/* Begin PBXSourcesBuildPhase section */
		12D7D03C242C165400D2BE9E /* Sources */ = {
			isa = PBXSourcesBuildPhase;
			buildActionMask = 2147483647;
			files = (
				12D7D05B242C1E1D00D2BE9E /* ColorsCollectionViewController.swift in Sources */,
				12D7D044242C165400D2BE9E /* AppDelegate.swift in Sources */,
				12D7D046242C165400D2BE9E /* SceneDelegate.swift in Sources */,
			);
			runOnlyForDeploymentPostprocessing = 0;
		};
/* End PBXSourcesBuildPhase section */

/* Begin PBXVariantGroup section */
		12D7D049242C165400D2BE9E /* Main.storyboard */ = {
			isa = PBXVariantGroup;
			children = (
				12D7D04A242C165400D2BE9E /* Base */,
			);
			name = Main.storyboard;
			sourceTree = "<group>";
		};
		12D7D04E242C165800D2BE9E /* LaunchScreen.storyboard */ = {
			isa = PBXVariantGroup;
			children = (
				12D7D04F242C165800D2BE9E /* Base */,
			);
			name = LaunchScreen.storyboard;
			sourceTree = "<group>";
		};
/* End PBXVariantGroup section */

/* Begin XCBuildConfiguration section */
		12D7D052242C165800D2BE9E /* Debug */ = {
			isa = XCBuildConfiguration;
			buildSettings = {
				ALWAYS_SEARCH_USER_PATHS = NO;
				CLANG_ANALYZER_NONNULL = YES;
				CLANG_ANALYZER_NUMBER_OBJECT_CONVERSION = YES_AGGRESSIVE;
				CLANG_CXX_LANGUAGE_STANDARD = "gnu++14";
				CLANG_CXX_LIBRARY = "libc++";
				CLANG_ENABLE_MODULES = YES;
				CLANG_ENABLE_OBJC_ARC = YES;
				CLANG_ENABLE_OBJC_WEAK = YES;
				CLANG_WARN_BLOCK_CAPTURE_AUTORELEASING = YES;
				CLANG_WARN_BOOL_CONVERSION = YES;
				CLANG_WARN_COMMA = YES;
				CLANG_WARN_CONSTANT_CONVERSION = YES;
				CLANG_WARN_DEPRECATED_OBJC_IMPLEMENTATIONS = YES;
				CLANG_WARN_DIRECT_OBJC_ISA_USAGE = YES_ERROR;
				CLANG_WARN_DOCUMENTATION_COMMENTS = YES;
				CLANG_WARN_EMPTY_BODY = YES;
				CLANG_WARN_ENUM_CONVERSION = YES;
				CLANG_WARN_INFINITE_RECURSION = YES;
				CLANG_WARN_INT_CONVERSION = YES;
				CLANG_WARN_NON_LITERAL_NULL_CONVERSION = YES;
				CLANG_WARN_OBJC_IMPLICIT_RETAIN_SELF = YES;
				CLANG_WARN_OBJC_LITERAL_CONVERSION = YES;
				CLANG_WARN_OBJC_ROOT_CLASS = YES_ERROR;
				CLANG_WARN_RANGE_LOOP_ANALYSIS = YES;
				CLANG_WARN_STRICT_PROTOTYPES = YES;
				CLANG_WARN_SUSPICIOUS_MOVE = YES;
				CLANG_WARN_UNGUARDED_AVAILABILITY = YES_AGGRESSIVE;
				CLANG_WARN_UNREACHABLE_CODE = YES;
				CLANG_WARN__DUPLICATE_METHOD_MATCH = YES;
				COPY_PHASE_STRIP = NO;
				DEBUG_INFORMATION_FORMAT = dwarf;
				ENABLE_STRICT_OBJC_MSGSEND = YES;
				ENABLE_TESTABILITY = YES;
				GCC_C_LANGUAGE_STANDARD = gnu11;
				GCC_DYNAMIC_NO_PIC = NO;
				GCC_NO_COMMON_BLOCKS = YES;
				GCC_OPTIMIZATION_LEVEL = 0;
				GCC_PREPROCESSOR_DEFINITIONS = (
					"DEBUG=1",
					"$(inherited)",
				);
				GCC_WARN_64_TO_32_BIT_CONVERSION = YES;
				GCC_WARN_ABOUT_RETURN_TYPE = YES_ERROR;
				GCC_WARN_UNDECLARED_SELECTOR = YES;
				GCC_WARN_UNINITIALIZED_AUTOS = YES_AGGRESSIVE;
				GCC_WARN_UNUSED_FUNCTION = YES;
				GCC_WARN_UNUSED_VARIABLE = YES;
				IPHONEOS_DEPLOYMENT_TARGET = 13.2;
				MTL_ENABLE_DEBUG_INFO = INCLUDE_SOURCE;
				MTL_FAST_MATH = YES;
				ONLY_ACTIVE_ARCH = YES;
				SDKROOT = iphoneos;
				SWIFT_ACTIVE_COMPILATION_CONDITIONS = DEBUG;
				SWIFT_OPTIMIZATION_LEVEL = "-Onone";
			};
			name = Debug;
		};
		12D7D053242C165800D2BE9E /* Release */ = {
			isa = XCBuildConfiguration;
			buildSettings = {
				ALWAYS_SEARCH_USER_PATHS = NO;
				CLANG_ANALYZER_NONNULL = YES;
				CLANG_ANALYZER_NUMBER_OBJECT_CONVERSION = YES_AGGRESSIVE;
				CLANG_CXX_LANGUAGE_STANDARD = "gnu++14";
				CLANG_CXX_LIBRARY = "libc++";
				CLANG_ENABLE_MODULES = YES;
				CLANG_ENABLE_OBJC_ARC = YES;
				CLANG_ENABLE_OBJC_WEAK = YES;
				CLANG_WARN_BLOCK_CAPTURE_AUTORELEASING = YES;
				CLANG_WARN_BOOL_CONVERSION = YES;
				CLANG_WARN_COMMA = YES;
				CLANG_WARN_CONSTANT_CONVERSION = YES;
				CLANG_WARN_DEPRECATED_OBJC_IMPLEMENTATIONS = YES;
				CLANG_WARN_DIRECT_OBJC_ISA_USAGE = YES_ERROR;
				CLANG_WARN_DOCUMENTATION_COMMENTS = YES;
				CLANG_WARN_EMPTY_BODY = YES;
				CLANG_WARN_ENUM_CONVERSION = YES;
				CLANG_WARN_INFINITE_RECURSION = YES;
				CLANG_WARN_INT_CONVERSION = YES;
				CLANG_WARN_NON_LITERAL_NULL_CONVERSION = YES;
				CLANG_WARN_OBJC_IMPLICIT_RETAIN_SELF = YES;
				CLANG_WARN_OBJC_LITERAL_CONVERSION = YES;
				CLANG_WARN_OBJC_ROOT_CLASS = YES_ERROR;
				CLANG_WARN_RANGE_LOOP_ANALYSIS = YES;
				CLANG_WARN_STRICT_PROTOTYPES = YES;
				CLANG_WARN_SUSPICIOUS_MOVE = YES;
				CLANG_WARN_UNGUARDED_AVAILABILITY = YES_AGGRESSIVE;
				CLANG_WARN_UNREACHABLE_CODE = YES;
				CLANG_WARN__DUPLICATE_METHOD_MATCH = YES;
				COPY_PHASE_STRIP = NO;
				DEBUG_INFORMATION_FORMAT = "dwarf-with-dsym";
				ENABLE_NS_ASSERTIONS = NO;
				ENABLE_STRICT_OBJC_MSGSEND = YES;
				GCC_C_LANGUAGE_STANDARD = gnu11;
				GCC_NO_COMMON_BLOCKS = YES;
				GCC_WARN_64_TO_32_BIT_CONVERSION = YES;
				GCC_WARN_ABOUT_RETURN_TYPE = YES_ERROR;
				GCC_WARN_UNDECLARED_SELECTOR = YES;
				GCC_WARN_UNINITIALIZED_AUTOS = YES_AGGRESSIVE;
				GCC_WARN_UNUSED_FUNCTION = YES;
				GCC_WARN_UNUSED_VARIABLE = YES;
				IPHONEOS_DEPLOYMENT_TARGET = 13.2;
				MTL_ENABLE_DEBUG_INFO = NO;
				MTL_FAST_MATH = YES;
				SDKROOT = iphoneos;
				SWIFT_COMPILATION_MODE = wholemodule;
				SWIFT_OPTIMIZATION_LEVEL = "-O";
				VALIDATE_PRODUCT = YES;
			};
			name = Release;
		};
		12D7D055242C165800D2BE9E /* Debug */ = {
			isa = XCBuildConfiguration;
			buildSettings = {
				ASSETCATALOG_COMPILER_APPICON_NAME = AppIcon;
				CODE_SIGN_STYLE = Automatic;
				DEVELOPMENT_TEAM = 97AS6JS382;
				INFOPLIST_FILE = InAppPurchaseColors/Info.plist;
				LD_RUNPATH_SEARCH_PATHS = (
					"$(inherited)",
					"@executable_path/Frameworks",
				);
				PRODUCT_BUNDLE_IDENTIFIER = com.hectorstevenvillasano.InAppPurchaseColors;
				PRODUCT_NAME = "$(TARGET_NAME)";
				SWIFT_VERSION = 5.0;
				TARGETED_DEVICE_FAMILY = "1,2";
			};
			name = Debug;
		};
		12D7D056242C165800D2BE9E /* Release */ = {
			isa = XCBuildConfiguration;
			buildSettings = {
				ASSETCATALOG_COMPILER_APPICON_NAME = AppIcon;
				CODE_SIGN_STYLE = Automatic;
				DEVELOPMENT_TEAM = 97AS6JS382;
				INFOPLIST_FILE = InAppPurchaseColors/Info.plist;
				LD_RUNPATH_SEARCH_PATHS = (
					"$(inherited)",
					"@executable_path/Frameworks",
				);
				PRODUCT_BUNDLE_IDENTIFIER = com.hectorstevenvillasano.InAppPurchaseColors;
				PRODUCT_NAME = "$(TARGET_NAME)";
				SWIFT_VERSION = 5.0;
				TARGETED_DEVICE_FAMILY = "1,2";
			};
			name = Release;
		};
/* End XCBuildConfiguration section */

/* Begin XCConfigurationList section */
		12D7D03B242C165400D2BE9E /* Build configuration list for PBXProject "InAppPurchaseColors" */ = {
			isa = XCConfigurationList;
			buildConfigurations = (
				12D7D052242C165800D2BE9E /* Debug */,
				12D7D053242C165800D2BE9E /* Release */,
			);
			defaultConfigurationIsVisible = 0;
			defaultConfigurationName = Release;
		};
		12D7D054242C165800D2BE9E /* Build configuration list for PBXNativeTarget "InAppPurchaseColors" */ = {
			isa = XCConfigurationList;
			buildConfigurations = (
				12D7D055242C165800D2BE9E /* Debug */,
				12D7D056242C165800D2BE9E /* Release */,
			);
			defaultConfigurationIsVisible = 0;
			defaultConfigurationName = Release;
		};
/* End XCConfigurationList section */
	};
	rootObject = 12D7D038242C165400D2BE9E /* Project object */;
}
