PODS:
  - Kingfisher (5.13.0):
    - Kingfisher/Core (= 5.13.0)
  - Kingfisher/Core (5.13.0)
  - TinyConstraints (4.0.1)

DEPENDENCIES:
  - Kingfisher
  - TinyConstraints

SPEC REPOS:
  trunk:
    - Kingfisher
    - TinyConstraints

SPEC CHECKSUMS:
  Kingfisher: 0d334cada987fcddbe9b5cec516406e1ee9d4748
  TinyConstraints: 8dd91295e56797648c7bc335dd20e1d91ec4c192

PODFILE CHECKSUM: cb8bb47ba2b4a90288319675c9716e1feb54f868

COCOAPODS: 1.8.4
